// !$*UTF8*$!
{
	archiveVersion = 1;
	classes = {
	};
	objectVersion = 50;
	objects = {

/* Begin PBXBuildFile section */
		3FC5B8A02563E7D7006A8AB4 /* AppDelegate.swift in Sources */ = {isa = PBXBuildFile; fileRef = 3FC5B89F2563E7D7006A8AB4 /* AppDelegate.swift */; };
		3FC5B8A22563E7D7006A8AB4 /* SceneDelegate.swift in Sources */ = {isa = PBXBuildFile; fileRef = 3FC5B8A12563E7D7006A8AB4 /* SceneDelegate.swift */; };
		3FC5B8A42563E7D7006A8AB4 /* ViewController.swift in Sources */ = {isa = PBXBuildFile; fileRef = 3FC5B8A32563E7D7006A8AB4 /* ViewController.swift */; };
		3FC5B8A72563E7D7006A8AB4 /* Main.storyboard in Resources */ = {isa = PBXBuildFile; fileRef = 3FC5B8A52563E7D7006A8AB4 /* Main.storyboard */; };
		3FC5B8A92563E7D8006A8AB4 /* Assets.xcassets in Resources */ = {isa = PBXBuildFile; fileRef = 3FC5B8A82563E7D8006A8AB4 /* Assets.xcassets */; };
		3FC5B8AC2563E7D8006A8AB4 /* LaunchScreen.storyboard in Resources */ = {isa = PBXBuildFile; fileRef = 3FC5B8AA2563E7D8006A8AB4 /* LaunchScreen.storyboard */; };
		3FC5B8B72563E7D8006A8AB4 /* SwiftXCodeCTests.swift in Sources */ = {isa = PBXBuildFile; fileRef = 3FC5B8B62563E7D8006A8AB4 /* SwiftXCodeCTests.swift */; };
		3FC5B8C22563E7D8006A8AB4 /* SwiftXCodeCUITests.swift in Sources */ = {isa = PBXBuildFile; fileRef = 3FC5B8C12563E7D8006A8AB4 /* SwiftXCodeCUITests.swift */; };
/* End PBXBuildFile section */

/* Begin PBXContainerItemProxy section */
		3FC5B8B32563E7D8006A8AB4 /* PBXContainerItemProxy */ = {
			isa = PBXContainerItemProxy;
			containerPortal = 3FC5B8942563E7D7006A8AB4 /* Project object */;
			proxyType = 1;
			remoteGlobalIDString = 3FC5B89B2563E7D7006A8AB4;
			remoteInfo = SwiftXCodeC;
		};
		3FC5B8BE2563E7D8006A8AB4 /* PBXContainerItemProxy */ = {
			isa = PBXContainerItemProxy;
			containerPortal = 3FC5B8942563E7D7006A8AB4 /* Project object */;
			proxyType = 1;
			remoteGlobalIDString = 3FC5B89B2563E7D7006A8AB4;
			remoteInfo = SwiftXCodeC;
		};
/* End PBXContainerItemProxy section */

/* Begin PBXFileReference section */
		3FC5B89C2563E7D7006A8AB4 /* SwiftXCodeC.app */ = {isa = PBXFileReference; explicitFileType = wrapper.application; includeInIndex = 0; path = SwiftXCodeC.app; sourceTree = BUILT_PRODUCTS_DIR; };
		3FC5B89F2563E7D7006A8AB4 /* AppDelegate.swift */ = {isa = PBXFileReference; lastKnownFileType = sourcecode.swift; path = AppDelegate.swift; sourceTree = "<group>"; };
		3FC5B8A12563E7D7006A8AB4 /* SceneDelegate.swift */ = {isa = PBXFileReference; lastKnownFileType = sourcecode.swift; path = SceneDelegate.swift; sourceTree = "<group>"; };
		3FC5B8A32563E7D7006A8AB4 /* ViewController.swift */ = {isa = PBXFileReference; lastKnownFileType = sourcecode.swift; path = ViewController.swift; sourceTree = "<group>"; };
		3FC5B8A62563E7D7006A8AB4 /* Base */ = {isa = PBXFileReference; lastKnownFileType = file.storyboard; name = Base; path = Base.lproj/Main.storyboard; sourceTree = "<group>"; };
		3FC5B8A82563E7D8006A8AB4 /* Assets.xcassets */ = {isa = PBXFileReference; lastKnownFileType = folder.assetcatalog; path = Assets.xcassets; sourceTree = "<group>"; };
		3FC5B8AB2563E7D8006A8AB4 /* Base */ = {isa = PBXFileReference; lastKnownFileType = file.storyboard; name = Base; path = Base.lproj/LaunchScreen.storyboard; sourceTree = "<group>"; };
		3FC5B8AD2563E7D8006A8AB4 /* Info.plist */ = {isa = PBXFileReference; lastKnownFileType = text.plist.xml; path = Info.plist; sourceTree = "<group>"; };
		3FC5B8B22563E7D8006A8AB4 /* SwiftXCodeCTests.xctest */ = {isa = PBXFileReference; explicitFileType = wrapper.cfbundle; includeInIndex = 0; path = SwiftXCodeCTests.xctest; sourceTree = BUILT_PRODUCTS_DIR; };
		3FC5B8B62563E7D8006A8AB4 /* SwiftXCodeCTests.swift */ = {isa = PBXFileReference; lastKnownFileType = sourcecode.swift; path = SwiftXCodeCTests.swift; sourceTree = "<group>"; };
		3FC5B8B82563E7D8006A8AB4 /* Info.plist */ = {isa = PBXFileReference; lastKnownFileType = text.plist.xml; path = Info.plist; sourceTree = "<group>"; };
		3FC5B8BD2563E7D8006A8AB4 /* SwiftXCodeCUITests.xctest */ = {isa = PBXFileReference; explicitFileType = wrapper.cfbundle; includeInIndex = 0; path = SwiftXCodeCUITests.xctest; sourceTree = BUILT_PRODUCTS_DIR; };
		3FC5B8C12563E7D8006A8AB4 /* SwiftXCodeCUITests.swift */ = {isa = PBXFileReference; lastKnownFileType = sourcecode.swift; path = SwiftXCodeCUITests.swift; sourceTree = "<group>"; };
		3FC5B8C32563E7D8006A8AB4 /* Info.plist */ = {isa = PBXFileReference; lastKnownFileType = text.plist.xml; path = Info.plist; sourceTree = "<group>"; };
/* End PBXFileReference section */

/* Begin PBXFrameworksBuildPhase section */
		3FC5B8992563E7D7006A8AB4 /* Frameworks */ = {
			isa = PBXFrameworksBuildPhase;
			buildActionMask = 2147483647;
			files = (
			);
			runOnlyForDeploymentPostprocessing = 0;
		};
		3FC5B8AF2563E7D8006A8AB4 /* Frameworks */ = {
			isa = PBXFrameworksBuildPhase;
			buildActionMask = 2147483647;
			files = (
			);
			runOnlyForDeploymentPostprocessing = 0;
		};
		3FC5B8BA2563E7D8006A8AB4 /* Frameworks */ = {
			isa = PBXFrameworksBuildPhase;
			buildActionMask = 2147483647;
			files = (
			);
			runOnlyForDeploymentPostprocessing = 0;
		};
/* End PBXFrameworksBuildPhase section */

/* Begin PBXGroup section */
		3FC5B8932563E7D7006A8AB4 = {
			isa = PBXGroup;
			children = (
				3FC5B89E2563E7D7006A8AB4 /* SwiftXCodeC */,
				3FC5B8B52563E7D8006A8AB4 /* SwiftXCodeCTests */,
				3FC5B8C02563E7D8006A8AB4 /* SwiftXCodeCUITests */,
				3FC5B89D2563E7D7006A8AB4 /* Products */,
			);
			sourceTree = "<group>";
		};
		3FC5B89D2563E7D7006A8AB4 /* Products */ = {
			isa = PBXGroup;
			children = (
				3FC5B89C2563E7D7006A8AB4 /* SwiftXCodeC.app */,
				3FC5B8B22563E7D8006A8AB4 /* SwiftXCodeCTests.xctest */,
				3FC5B8BD2563E7D8006A8AB4 /* SwiftXCodeCUITests.xctest */,
			);
			name = Products;
			sourceTree = "<group>";
		};
		3FC5B89E2563E7D7006A8AB4 /* SwiftXCodeC */ = {
			isa = PBXGroup;
			children = (
				3FC5B89F2563E7D7006A8AB4 /* AppDelegate.swift */,
				3FC5B8A12563E7D7006A8AB4 /* SceneDelegate.swift */,
				3FC5B8A32563E7D7006A8AB4 /* ViewController.swift */,
				3FC5B8A52563E7D7006A8AB4 /* Main.storyboard */,
				3FC5B8A82563E7D8006A8AB4 /* Assets.xcassets */,
				3FC5B8AA2563E7D8006A8AB4 /* LaunchScreen.storyboard */,
				3FC5B8AD2563E7D8006A8AB4 /* Info.plist */,
			);
			path = SwiftXCodeC;
			sourceTree = "<group>";
		};
		3FC5B8B52563E7D8006A8AB4 /* SwiftXCodeCTests */ = {
			isa = PBXGroup;
			children = (
				3FC5B8B62563E7D8006A8AB4 /* SwiftXCodeCTests.swift */,
				3FC5B8B82563E7D8006A8AB4 /* Info.plist */,
			);
			path = SwiftXCodeCTests;
			sourceTree = "<group>";
		};
		3FC5B8C02563E7D8006A8AB4 /* SwiftXCodeCUITests */ = {
			isa = PBXGroup;
			children = (
				3FC5B8C12563E7D8006A8AB4 /* SwiftXCodeCUITests.swift */,
				3FC5B8C32563E7D8006A8AB4 /* Info.plist */,
			);
			path = SwiftXCodeCUITests;
			sourceTree = "<group>";
		};
/* End PBXGroup section */

/* Begin PBXNativeTarget section */
		3FC5B89B2563E7D7006A8AB4 /* SwiftXCodeC */ = {
			isa = PBXNativeTarget;
			buildConfigurationList = 3FC5B8C62563E7D8006A8AB4 /* Build configuration list for PBXNativeTarget "SwiftXCodeC" */;
			buildPhases = (
				3FC5B8982563E7D7006A8AB4 /* Sources */,
				3FC5B8992563E7D7006A8AB4 /* Frameworks */,
				3FC5B89A2563E7D7006A8AB4 /* Resources */,
			);
			buildRules = (
			);
			dependencies = (
			);
			name = SwiftXCodeC;
			productName = SwiftXCodeC;
			productReference = 3FC5B89C2563E7D7006A8AB4 /* SwiftXCodeC.app */;
			productType = "com.apple.product-type.application";
		};
		3FC5B8B12563E7D8006A8AB4 /* SwiftXCodeCTests */ = {
			isa = PBXNativeTarget;
			buildConfigurationList = 3FC5B8C92563E7D8006A8AB4 /* Build configuration list for PBXNativeTarget "SwiftXCodeCTests" */;
			buildPhases = (
				3FC5B8AE2563E7D8006A8AB4 /* Sources */,
				3FC5B8AF2563E7D8006A8AB4 /* Frameworks */,
				3FC5B8B02563E7D8006A8AB4 /* Resources */,
			);
			buildRules = (
			);
			dependencies = (
				3FC5B8B42563E7D8006A8AB4 /* PBXTargetDependency */,
			);
			name = SwiftXCodeCTests;
			productName = SwiftXCodeCTests;
			productReference = 3FC5B8B22563E7D8006A8AB4 /* SwiftXCodeCTests.xctest */;
			productType = "com.apple.product-type.bundle.unit-test";
		};
		3FC5B8BC2563E7D8006A8AB4 /* SwiftXCodeCUITests */ = {
			isa = PBXNativeTarget;
			buildConfigurationList = 3FC5B8CC2563E7D8006A8AB4 /* Build configuration list for PBXNativeTarget "SwiftXCodeCUITests" */;
			buildPhases = (
				3FC5B8B92563E7D8006A8AB4 /* Sources */,
				3FC5B8BA2563E7D8006A8AB4 /* Frameworks */,
				3FC5B8BB2563E7D8006A8AB4 /* Resources */,
			);
			buildRules = (
			);
			dependencies = (
				3FC5B8BF2563E7D8006A8AB4 /* PBXTargetDependency */,
			);
			name = SwiftXCodeCUITests;
			productName = SwiftXCodeCUITests;
			productReference = 3FC5B8BD2563E7D8006A8AB4 /* SwiftXCodeCUITests.xctest */;
			productType = "com.apple.product-type.bundle.ui-testing";
		};
/* End PBXNativeTarget section */

/* Begin PBXProject section */
		3FC5B8942563E7D7006A8AB4 /* Project object */ = {
			isa = PBXProject;
			attributes = {
				LastSwiftUpdateCheck = 1200;
				LastUpgradeCheck = 1200;
				TargetAttributes = {
					3FC5B89B2563E7D7006A8AB4 = {
						CreatedOnToolsVersion = 12.0;
					};
					3FC5B8B12563E7D8006A8AB4 = {
						CreatedOnToolsVersion = 12.0;
						TestTargetID = 3FC5B89B2563E7D7006A8AB4;
					};
					3FC5B8BC2563E7D8006A8AB4 = {
						CreatedOnToolsVersion = 12.0;
						TestTargetID = 3FC5B89B2563E7D7006A8AB4;
					};
				};
			};
			buildConfigurationList = 3FC5B8972563E7D7006A8AB4 /* Build configuration list for PBXProject "SwiftXCodeC" */;
			compatibilityVersion = "Xcode 9.3";
			developmentRegion = en;
			hasScannedForEncodings = 0;
			knownRegions = (
				en,
				Base,
			);
			mainGroup = 3FC5B8932563E7D7006A8AB4;
			productRefGroup = 3FC5B89D2563E7D7006A8AB4 /* Products */;
			projectDirPath = "";
			projectRoot = "";
			targets = (
				3FC5B89B2563E7D7006A8AB4 /* SwiftXCodeC */,
				3FC5B8B12563E7D8006A8AB4 /* SwiftXCodeCTests */,
				3FC5B8BC2563E7D8006A8AB4 /* SwiftXCodeCUITests */,
			);
		};
/* End PBXProject section */

/* Begin PBXResourcesBuildPhase section */
		3FC5B89A2563E7D7006A8AB4 /* Resources */ = {
			isa = PBXResourcesBuildPhase;
			buildActionMask = 2147483647;
			files = (
				3FC5B8AC2563E7D8006A8AB4 /* LaunchScreen.storyboard in Resources */,
				3FC5B8A92563E7D8006A8AB4 /* Assets.xcassets in Resources */,
				3FC5B8A72563E7D7006A8AB4 /* Main.storyboard in Resources */,
			);
			runOnlyForDeploymentPostprocessing = 0;
		};
		3FC5B8B02563E7D8006A8AB4 /* Resources */ = {
			isa = PBXResourcesBuildPhase;
			buildActionMask = 2147483647;
			files = (
			);
			runOnlyForDeploymentPostprocessing = 0;
		};
		3FC5B8BB2563E7D8006A8AB4 /* Resources */ = {
			isa = PBXResourcesBuildPhase;
			buildActionMask = 2147483647;
			files = (
			);
			runOnlyForDeploymentPostprocessing = 0;
		};
/* End PBXResourcesBuildPhase section */

/* Begin PBXSourcesBuildPhase section */
		3FC5B8982563E7D7006A8AB4 /* Sources */ = {
			isa = PBXSourcesBuildPhase;
			buildActionMask = 2147483647;
			files = (
				3FC5B8A42563E7D7006A8AB4 /* ViewController.swift in Sources */,
				3FC5B8A02563E7D7006A8AB4 /* AppDelegate.swift in Sources */,
				3FC5B8A22563E7D7006A8AB4 /* SceneDelegate.swift in Sources */,
			);
			runOnlyForDeploymentPostprocessing = 0;
		};
		3FC5B8AE2563E7D8006A8AB4 /* Sources */ = {
			isa = PBXSourcesBuildPhase;
			buildActionMask = 2147483647;
			files = (
				3FC5B8B72563E7D8006A8AB4 /* SwiftXCodeCTests.swift in Sources */,
			);
			runOnlyForDeploymentPostprocessing = 0;
		};
		3FC5B8B92563E7D8006A8AB4 /* Sources */ = {
			isa = PBXSourcesBuildPhase;
			buildActionMask = 2147483647;
			files = (
				3FC5B8C22563E7D8006A8AB4 /* SwiftXCodeCUITests.swift in Sources */,
			);
			runOnlyForDeploymentPostprocessing = 0;
		};
/* End PBXSourcesBuildPhase section */

/* Begin PBXTargetDependency section */
		3FC5B8B42563E7D8006A8AB4 /* PBXTargetDependency */ = {
			isa = PBXTargetDependency;
			target = 3FC5B89B2563E7D7006A8AB4 /* SwiftXCodeC */;
			targetProxy = 3FC5B8B32563E7D8006A8AB4 /* PBXContainerItemProxy */;
		};
		3FC5B8BF2563E7D8006A8AB4 /* PBXTargetDependency */ = {
			isa = PBXTargetDependency;
			target = 3FC5B89B2563E7D7006A8AB4 /* SwiftXCodeC */;
			targetProxy = 3FC5B8BE2563E7D8006A8AB4 /* PBXContainerItemProxy */;
		};
/* End PBXTargetDependency section */

/* Begin PBXVariantGroup section */
		3FC5B8A52563E7D7006A8AB4 /* Main.storyboard */ = {
			isa = PBXVariantGroup;
			children = (
				3FC5B8A62563E7D7006A8AB4 /* Base */,
			);
			name = Main.storyboard;
			sourceTree = "<group>";
		};
		3FC5B8AA2563E7D8006A8AB4 /* LaunchScreen.storyboard */ = {
			isa = PBXVariantGroup;
			children = (
				3FC5B8AB2563E7D8006A8AB4 /* Base */,
			);
			name = LaunchScreen.storyboard;
			sourceTree = "<group>";
		};
/* End PBXVariantGroup section */

/* Begin XCBuildConfiguration section */
		3FC5B8C42563E7D8006A8AB4 /* Debug */ = {
			isa = XCBuildConfiguration;
			buildSettings = {
				ALWAYS_SEARCH_USER_PATHS = NO;
				CLANG_ANALYZER_NONNULL = YES;
				CLANG_ANALYZER_NUMBER_OBJECT_CONVERSION = YES_AGGRESSIVE;
				CLANG_CXX_LANGUAGE_STANDARD = "gnu++14";
				CLANG_CXX_LIBRARY = "libc++";
				CLANG_ENABLE_MODULES = YES;
				CLANG_ENABLE_OBJC_ARC = YES;
				CLANG_ENABLE_OBJC_WEAK = YES;
				CLANG_WARN_BLOCK_CAPTURE_AUTORELEASING = YES;
				CLANG_WARN_BOOL_CONVERSION = YES;
				CLANG_WARN_COMMA = YES;
				CLANG_WARN_CONSTANT_CONVERSION = YES;
				CLANG_WARN_DEPRECATED_OBJC_IMPLEMENTATIONS = YES;
				CLANG_WARN_DIRECT_OBJC_ISA_USAGE = YES_ERROR;
				CLANG_WARN_DOCUMENTATION_COMMENTS = YES;
				CLANG_WARN_EMPTY_BODY = YES;
				CLANG_WARN_ENUM_CONVERSION = YES;
				CLANG_WARN_INFINITE_RECURSION = YES;
				CLANG_WARN_INT_CONVERSION = YES;
				CLANG_WARN_NON_LITERAL_NULL_CONVERSION = YES;
				CLANG_WARN_OBJC_IMPLICIT_RETAIN_SELF = YES;
				CLANG_WARN_OBJC_LITERAL_CONVERSION = YES;
				CLANG_WARN_OBJC_ROOT_CLASS = YES_ERROR;
				CLANG_WARN_QUOTED_INCLUDE_IN_FRAMEWORK_HEADER = YES;
				CLANG_WARN_RANGE_LOOP_ANALYSIS = YES;
				CLANG_WARN_STRICT_PROTOTYPES = YES;
				CLANG_WARN_SUSPICIOUS_MOVE = YES;
				CLANG_WARN_UNGUARDED_AVAILABILITY = YES_AGGRESSIVE;
				CLANG_WARN_UNREACHABLE_CODE = YES;
				CLANG_WARN__DUPLICATE_METHOD_MATCH = YES;
				COPY_PHASE_STRIP = NO;
				DEBUG_INFORMATION_FORMAT = dwarf;
				ENABLE_STRICT_OBJC_MSGSEND = YES;
				ENABLE_TESTABILITY = YES;
				GCC_C_LANGUAGE_STANDARD = gnu11;
				GCC_DYNAMIC_NO_PIC = NO;
				GCC_NO_COMMON_BLOCKS = YES;
				GCC_OPTIMIZATION_LEVEL = 0;
				GCC_PREPROCESSOR_DEFINITIONS = (
					"DEBUG=1",
					"$(inherited)",
				);
				GCC_WARN_64_TO_32_BIT_CONVERSION = YES;
				GCC_WARN_ABOUT_RETURN_TYPE = YES_ERROR;
				GCC_WARN_UNDECLARED_SELECTOR = YES;
				GCC_WARN_UNINITIALIZED_AUTOS = YES_AGGRESSIVE;
				GCC_WARN_UNUSED_FUNCTION = YES;
				GCC_WARN_UNUSED_VARIABLE = YES;
				IPHONEOS_DEPLOYMENT_TARGET = 14.0;
				MTL_ENABLE_DEBUG_INFO = INCLUDE_SOURCE;
				MTL_FAST_MATH = YES;
				ONLY_ACTIVE_ARCH = YES;
				SDKROOT = iphoneos;
				SWIFT_ACTIVE_COMPILATION_CONDITIONS = DEBUG;
				SWIFT_OPTIMIZATION_LEVEL = "-Onone";
			};
			name = Debug;
		};
		3FC5B8C52563E7D8006A8AB4 /* Release */ = {
			isa = XCBuildConfiguration;
			buildSettings = {
				ALWAYS_SEARCH_USER_PATHS = NO;
				CLANG_ANALYZER_NONNULL = YES;
				CLANG_ANALYZER_NUMBER_OBJECT_CONVERSION = YES_AGGRESSIVE;
				CLANG_CXX_LANGUAGE_STANDARD = "gnu++14";
				CLANG_CXX_LIBRARY = "libc++";
				CLANG_ENABLE_MODULES = YES;
				CLANG_ENABLE_OBJC_ARC = YES;
				CLANG_ENABLE_OBJC_WEAK = YES;
				CLANG_WARN_BLOCK_CAPTURE_AUTORELEASING = YES;
				CLANG_WARN_BOOL_CONVERSION = YES;
				CLANG_WARN_COMMA = YES;
				CLANG_WARN_CONSTANT_CONVERSION = YES;
				CLANG_WARN_DEPRECATED_OBJC_IMPLEMENTATIONS = YES;
				CLANG_WARN_DIRECT_OBJC_ISA_USAGE = YES_ERROR;
				CLANG_WARN_DOCUMENTATION_COMMENTS = YES;
				CLANG_WARN_EMPTY_BODY = YES;
				CLANG_WARN_ENUM_CONVERSION = YES;
				CLANG_WARN_INFINITE_RECURSION = YES;
				CLANG_WARN_INT_CONVERSION = YES;
				CLANG_WARN_NON_LITERAL_NULL_CONVERSION = YES;
				CLANG_WARN_OBJC_IMPLICIT_RETAIN_SELF = YES;
				CLANG_WARN_OBJC_LITERAL_CONVERSION = YES;
				CLANG_WARN_OBJC_ROOT_CLASS = YES_ERROR;
				CLANG_WARN_QUOTED_INCLUDE_IN_FRAMEWORK_HEADER = YES;
				CLANG_WARN_RANGE_LOOP_ANALYSIS = YES;
				CLANG_WARN_STRICT_PROTOTYPES = YES;
				CLANG_WARN_SUSPICIOUS_MOVE = YES;
				CLANG_WARN_UNGUARDED_AVAILABILITY = YES_AGGRESSIVE;
				CLANG_WARN_UNREACHABLE_CODE = YES;
				CLANG_WARN__DUPLICATE_METHOD_MATCH = YES;
				COPY_PHASE_STRIP = NO;
				DEBUG_INFORMATION_FORMAT = "dwarf-with-dsym";
				ENABLE_NS_ASSERTIONS = NO;
				ENABLE_STRICT_OBJC_MSGSEND = YES;
				GCC_C_LANGUAGE_STANDARD = gnu11;
				GCC_NO_COMMON_BLOCKS = YES;
				GCC_WARN_64_TO_32_BIT_CONVERSION = YES;
				GCC_WARN_ABOUT_RETURN_TYPE = YES_ERROR;
				GCC_WARN_UNDECLARED_SELECTOR = YES;
				GCC_WARN_UNINITIALIZED_AUTOS = YES_AGGRESSIVE;
				GCC_WARN_UNUSED_FUNCTION = YES;
				GCC_WARN_UNUSED_VARIABLE = YES;
				IPHONEOS_DEPLOYMENT_TARGET = 14.0;
				MTL_ENABLE_DEBUG_INFO = NO;
				MTL_FAST_MATH = YES;
				SDKROOT = iphoneos;
				SWIFT_COMPILATION_MODE = wholemodule;
				SWIFT_OPTIMIZATION_LEVEL = "-O";
				VALIDATE_PRODUCT = YES;
			};
			name = Release;
		};
		3FC5B8C72563E7D8006A8AB4 /* Debug */ = {
			isa = XCBuildConfiguration;
			buildSettings = {
				ASSETCATALOG_COMPILER_APPICON_NAME = AppIcon;
				ASSETCATALOG_COMPILER_GLOBAL_ACCENT_COLOR_NAME = AccentColor;
				CODE_SIGN_STYLE = Automatic;
				INFOPLIST_FILE = SwiftXCodeC/Info.plist;
				LD_RUNPATH_SEARCH_PATHS = (
					"$(inherited)",
					"@executable_path/Frameworks",
				);
				PRODUCT_BUNDLE_IDENTIFIER = FirstSwiftProject.SwiftXCodeC;
				PRODUCT_NAME = "$(TARGET_NAME)";
				SWIFT_VERSION = 5.0;
				TARGETED_DEVICE_FAMILY = "1,2";
			};
			name = Debug;
		};
		3FC5B8C82563E7D8006A8AB4 /* Release */ = {
			isa = XCBuildConfiguration;
			buildSettings = {
				ASSETCATALOG_COMPILER_APPICON_NAME = AppIcon;
				ASSETCATALOG_COMPILER_GLOBAL_ACCENT_COLOR_NAME = AccentColor;
				CODE_SIGN_STYLE = Automatic;
				INFOPLIST_FILE = SwiftXCodeC/Info.plist;
				LD_RUNPATH_SEARCH_PATHS = (
					"$(inherited)",
					"@executable_path/Frameworks",
				);
				PRODUCT_BUNDLE_IDENTIFIER = FirstSwiftProject.SwiftXCodeC;
				PRODUCT_NAME = "$(TARGET_NAME)";
				SWIFT_VERSION = 5.0;
				TARGETED_DEVICE_FAMILY = "1,2";
			};
			name = Release;
		};
		3FC5B8CA2563E7D8006A8AB4 /* Debug */ = {
			isa = XCBuildConfiguration;
			buildSettings = {
				ALWAYS_EMBED_SWIFT_STANDARD_LIBRARIES = YES;
				BUNDLE_LOADER = "$(TEST_HOST)";
				CODE_SIGN_STYLE = Automatic;
				INFOPLIST_FILE = SwiftXCodeCTests/Info.plist;
				IPHONEOS_DEPLOYMENT_TARGET = 14.0;
				LD_RUNPATH_SEARCH_PATHS = (
					"$(inherited)",
					"@executable_path/Frameworks",
					"@loader_path/Frameworks",
				);
				PRODUCT_BUNDLE_IDENTIFIER = FirstSwiftProject.SwiftXCodeCTests;
				PRODUCT_NAME = "$(TARGET_NAME)";
				SWIFT_VERSION = 5.0;
				TARGETED_DEVICE_FAMILY = "1,2";
				TEST_HOST = "$(BUILT_PRODUCTS_DIR)/SwiftXCodeC.app/SwiftXCodeC";
			};
			name = Debug;
		};
		3FC5B8CB2563E7D8006A8AB4 /* Release */ = {
			isa = XCBuildConfiguration;
			buildSettings = {
				ALWAYS_EMBED_SWIFT_STANDARD_LIBRARIES = YES;
				BUNDLE_LOADER = "$(TEST_HOST)";
				CODE_SIGN_STYLE = Automatic;
				INFOPLIST_FILE = SwiftXCodeCTests/Info.plist;
				IPHONEOS_DEPLOYMENT_TARGET = 14.0;
				LD_RUNPATH_SEARCH_PATHS = (
					"$(inherited)",
					"@executable_path/Frameworks",
					"@loader_path/Frameworks",
				);
				PRODUCT_BUNDLE_IDENTIFIER = FirstSwiftProject.SwiftXCodeCTests;
				PRODUCT_NAME = "$(TARGET_NAME)";
				SWIFT_VERSION = 5.0;
				TARGETED_DEVICE_FAMILY = "1,2";
				TEST_HOST = "$(BUILT_PRODUCTS_DIR)/SwiftXCodeC.app/SwiftXCodeC";
			};
			name = Release;
		};
		3FC5B8CD2563E7D8006A8AB4 /* Debug */ = {
			isa = XCBuildConfiguration;
			buildSettings = {
				ALWAYS_EMBED_SWIFT_STANDARD_LIBRARIES = YES;
				CODE_SIGN_STYLE = Automatic;
				INFOPLIST_FILE = SwiftXCodeCUITests/Info.plist;
				LD_RUNPATH_SEARCH_PATHS = (
					"$(inherited)",
					"@executable_path/Frameworks",
					"@loader_path/Frameworks",
				);
				PRODUCT_BUNDLE_IDENTIFIER = FirstSwiftProject.SwiftXCodeCUITests;
				PRODUCT_NAME = "$(TARGET_NAME)";
				SWIFT_VERSION = 5.0;
				TARGETED_DEVICE_FAMILY = "1,2";
				TEST_TARGET_NAME = SwiftXCodeC;
			};
			name = Debug;
		};
		3FC5B8CE2563E7D8006A8AB4 /* Release */ = {
			isa = XCBuildConfiguration;
			buildSettings = {
				ALWAYS_EMBED_SWIFT_STANDARD_LIBRARIES = YES;
				CODE_SIGN_STYLE = Automatic;
				INFOPLIST_FILE = SwiftXCodeCUITests/Info.plist;
				LD_RUNPATH_SEARCH_PATHS = (
					"$(inherited)",
					"@executable_path/Frameworks",
					"@loader_path/Frameworks",
				);
				PRODUCT_BUNDLE_IDENTIFIER = FirstSwiftProject.SwiftXCodeCUITests;
				PRODUCT_NAME = "$(TARGET_NAME)";
				SWIFT_VERSION = 5.0;
				TARGETED_DEVICE_FAMILY = "1,2";
				TEST_TARGET_NAME = SwiftXCodeC;
			};
			name = Release;
		};
/* End XCBuildConfiguration section */

/* Begin XCConfigurationList section */
		3FC5B8972563E7D7006A8AB4 /* Build configuration list for PBXProject "SwiftXCodeC" */ = {
			isa = XCConfigurationList;
			buildConfigurations = (
				3FC5B8C42563E7D8006A8AB4 /* Debug */,
				3FC5B8C52563E7D8006A8AB4 /* Release */,
			);
			defaultConfigurationIsVisible = 0;
			defaultConfigurationName = Release;
		};
		3FC5B8C62563E7D8006A8AB4 /* Build configuration list for PBXNativeTarget "SwiftXCodeC" */ = {
			isa = XCConfigurationList;
			buildConfigurations = (
				3FC5B8C72563E7D8006A8AB4 /* Debug */,
				3FC5B8C82563E7D8006A8AB4 /* Release */,
			);
			defaultConfigurationIsVisible = 0;
			defaultConfigurationName = Release;
		};
		3FC5B8C92563E7D8006A8AB4 /* Build configuration list for PBXNativeTarget "SwiftXCodeCTests" */ = {
			isa = XCConfigurationList;
			buildConfigurations = (
				3FC5B8CA2563E7D8006A8AB4 /* Debug */,
				3FC5B8CB2563E7D8006A8AB4 /* Release */,
			);
			defaultConfigurationIsVisible = 0;
			defaultConfigurationName = Release;
		};
		3FC5B8CC2563E7D8006A8AB4 /* Build configuration list for PBXNativeTarget "SwiftXCodeCUITests" */ = {
			isa = XCConfigurationList;
			buildConfigurations = (
				3FC5B8CD2563E7D8006A8AB4 /* Debug */,
				3FC5B8CE2563E7D8006A8AB4 /* Release */,
			);
			defaultConfigurationIsVisible = 0;
			defaultConfigurationName = Release;
		};
/* End XCConfigurationList section */
	};
	rootObject = 3FC5B8942563E7D7006A8AB4 /* Project object */;
}
